{
  "name": "use-vittorix-utils",
  "version": "1.0.0",
  "lockfileVersion": 3,
  "requires": true,
  "packages": {
    "": {
      "name": "use-vittorix-utils",
      "version": "1.0.0",
      "license": "ISC",
      "dependencies": {
        "vittorix-utils": "^1.0.4"
      },
      "devDependencies": {}
    },
    "node_modules/vittorix-utils": {
      "version": "1.0.4",
      "resolved": "https://registry.npmjs.org/vittorix-utils/-/vittorix-utils-1.0.4.tgz",
      "integrity": "sha512-KrAHrj7BuJHyV6clYT8be/oPey9bu3X/tGA6Re88k55zD2LBWxCg1MegmPN4dYCXzsMl6xu9JNarVMLS3kl5DA=="
    }
  }
}
