{
  "name": "use-vittorix-utils",
  "version": "1.0.0",
  "lockfileVersion": 3,
  "requires": true,
  "packages": {
    "": {
      "name": "use-vittorix-utils",
      "version": "1.0.0",
      "license": "ISC",
      "dependencies": {
        "vittorix-utils": "^1.0.3"
      },
      "devDependencies": {}
    },
    "node_modules/vittorix-utils": {
      "version": "1.0.3",
      "resolved": "https://registry.npmjs.org/vittorix-utils/-/vittorix-utils-1.0.3.tgz",
      "integrity": "sha512-BtWNuCrDy91owSmJYDav34nYYpNM3K7tUWT/TSWYUniUwQg2U2vu7TErJwdgNHEFcHfqMCNbXyvUcD9dDP/W/A=="
    }
  }
}
