{
  "name": "use-vittorix-utils",
  "version": "1.0.0",
  "lockfileVersion": 3,
  "requires": true,
  "packages": {
    "": {
      "name": "use-vittorix-utils",
      "version": "1.0.0",
      "license": "ISC",
      "dependencies": {
        "vittorix-utils": "^1.0.1"
      },
      "devDependencies": {}
    },
    "node_modules/vittorix-utils": {
      "version": "1.0.1",
      "resolved": "https://registry.npmjs.org/vittorix-utils/-/vittorix-utils-1.0.1.tgz",
      "integrity": "sha512-zG1Xi+0V8upmOVsgMtmeFgZfpVfDzpKFPcQq/nuiiHinr0N+MU0hQCt9qCjHyiGJTlNLGUW+6SCzDQ3icsfM6A=="
    }
  }
}
